
Microsoft Visual Studio Solution File, Format Version 12.00
# Visual Studio 2013
VisualStudioVersion = 12.0.21005.1
MinimumVisualStudioVersion = 10.0.40219.1
Project("{FAE04EC0-301F-11D3-BF4B-00C04F79EFBC}") = "Problem1", "Problem1\Problem1.csproj", "{948A88B4-04E9-4B3F-81B8-586F61F67B89}"
EndProject
Project("{FAE04EC0-301F-11D3-BF4B-00C04F79EFBC}") = "UnitTestProject1", "UnitTestProject1\UnitTestProject1.csproj", "{CDC50E63-DB07-45DC-85AA-933E959F6F89}"
EndProject
Global
	GlobalSection(SolutionConfigurationPlatforms) = preSolution
		Debug|Any CPU = Debug|Any CPU
		Release|Any CPU = Release|Any CPU
	EndGlobalSection
	GlobalSection(ProjectConfigurationPlatforms) = postSolution
		{948A88B4-04E9-4B3F-81B8-586F61F67B89}.Debug|Any CPU.ActiveCfg = Debug|Any CPU
		{948A88B4-04E9-4B3F-81B8-586F61F67B89}.Debug|Any CPU.Build.0 = Debug|Any CPU
		{948A88B4-04E9-4B3F-81B8-586F61F67B89}.Release|Any CPU.ActiveCfg = Release|Any CPU
		{948A88B4-04E9-4B3F-81B8-586F61F67B89}.Release|Any CPU.Build.0 = Release|Any CPU
		{CDC50E63-DB07-45DC-85AA-933E959F6F89}.Debug|Any CPU.ActiveCfg = Debug|Any CPU
		{CDC50E63-DB07-45DC-85AA-933E959F6F89}.Debug|Any CPU.Build.0 = Debug|Any CPU
		{CDC50E63-DB07-45DC-85AA-933E959F6F89}.Release|Any CPU.ActiveCfg = Release|Any CPU
		{CDC50E63-DB07-45DC-85AA-933E959F6F89}.Release|Any CPU.Build.0 = Release|Any CPU
	EndGlobalSection
	GlobalSection(SolutionProperties) = preSolution
		HideSolutionNode = FALSE
	EndGlobalSection
EndGlobal
